// !$*UTF8*$!
{
	archiveVersion = 1;
	classes = {
	};
	objectVersion = 48;
	objects = {

/* Begin PBXBuildFile section */
		45526BEA1FAEFA880001407D /* GroupCell.swift in Sources */ = {isa = PBXBuildFile; fileRef = 45526BE91FAEFA880001407D /* GroupCell.swift */; };
		45526BEC1FAEFD890001407D /* Group.swift in Sources */ = {isa = PBXBuildFile; fileRef = 45526BEB1FAEFD890001407D /* Group.swift */; };
		45526BEE1FAF487E0001407D /* GroupFeedCell.swift in Sources */ = {isa = PBXBuildFile; fileRef = 45526BED1FAF487E0001407D /* GroupFeedCell.swift */; };
		45526BF01FAF48CD0001407D /* GroupFeedVC.swift in Sources */ = {isa = PBXBuildFile; fileRef = 45526BEF1FAF48CD0001407D /* GroupFeedVC.swift */; };
		4556AA5A1FA7709F000A7D20 /* AppDelegate.swift in Sources */ = {isa = PBXBuildFile; fileRef = 4556AA591FA7709F000A7D20 /* AppDelegate.swift */; };
		4556AA5C1FA7709F000A7D20 /* GroupsVC.swift in Sources */ = {isa = PBXBuildFile; fileRef = 4556AA5B1FA7709F000A7D20 /* GroupsVC.swift */; };
		4556AA5E1FA7709F000A7D20 /* FeedVC.swift in Sources */ = {isa = PBXBuildFile; fileRef = 4556AA5D1FA7709F000A7D20 /* FeedVC.swift */; };
		4556AA611FA7709F000A7D20 /* Main.storyboard in Resources */ = {isa = PBXBuildFile; fileRef = 4556AA5F1FA7709F000A7D20 /* Main.storyboard */; };
		4556AA631FA7709F000A7D20 /* Assets.xcassets in Resources */ = {isa = PBXBuildFile; fileRef = 4556AA621FA7709F000A7D20 /* Assets.xcassets */; };
		4556AA661FA7709F000A7D20 /* LaunchScreen.storyboard in Resources */ = {isa = PBXBuildFile; fileRef = 4556AA641FA7709F000A7D20 /* LaunchScreen.storyboard */; };
		4556AA741FA85010000A7D20 /* GoogleService-Info.plist in Resources */ = {isa = PBXBuildFile; fileRef = 4556AA731FA8500F000A7D20 /* GoogleService-Info.plist */; };
		4556AA761FA851E4000A7D20 /* DataService.swift in Sources */ = {isa = PBXBuildFile; fileRef = 4556AA751FA851E4000A7D20 /* DataService.swift */; };
		4556AA791FA85F03000A7D20 /* AuthVC.swift in Sources */ = {isa = PBXBuildFile; fileRef = 4556AA781FA85F03000A7D20 /* AuthVC.swift */; };
		4556AA7B1FA85F14000A7D20 /* LoginVC.swift in Sources */ = {isa = PBXBuildFile; fileRef = 4556AA7A1FA85F14000A7D20 /* LoginVC.swift */; };
		4556AA7D1FA85F5A000A7D20 /* InsetTextField.swift in Sources */ = {isa = PBXBuildFile; fileRef = 4556AA7C1FA85F5A000A7D20 /* InsetTextField.swift */; };
		4556AA7F1FA86293000A7D20 /* ShadowView.swift in Sources */ = {isa = PBXBuildFile; fileRef = 4556AA7E1FA86293000A7D20 /* ShadowView.swift */; };
		4556AA811FA8651A000A7D20 /* AuthService.swift in Sources */ = {isa = PBXBuildFile; fileRef = 4556AA801FA8651A000A7D20 /* AuthService.swift */; };
		4556AA831FA87927000A7D20 /* MeVC.swift in Sources */ = {isa = PBXBuildFile; fileRef = 4556AA821FA87927000A7D20 /* MeVC.swift */; };
		4556AA851FA87FEF000A7D20 /* CreatePostVC.swift in Sources */ = {isa = PBXBuildFile; fileRef = 4556AA841FA87FEF000A7D20 /* CreatePostVC.swift */; };
		4556AA871FA968C8000A7D20 /* UIView+Ext.swift in Sources */ = {isa = PBXBuildFile; fileRef = 4556AA861FA968C8000A7D20 /* UIView+Ext.swift */; };
		4556AA891FA96DD1000A7D20 /* FeedCell.swift in Sources */ = {isa = PBXBuildFile; fileRef = 4556AA881FA96DD1000A7D20 /* FeedCell.swift */; };
		4556AA8B1FA976B3000A7D20 /* Message.swift in Sources */ = {isa = PBXBuildFile; fileRef = 4556AA8A1FA976B3000A7D20 /* Message.swift */; };
		45E6AE9F1FAB15560033A5B7 /* CreateGroupVC.swift in Sources */ = {isa = PBXBuildFile; fileRef = 45E6AE9E1FAB15560033A5B7 /* CreateGroupVC.swift */; };
		45E6AEA11FAB18740033A5B7 /* UserCell.swift in Sources */ = {isa = PBXBuildFile; fileRef = 45E6AEA01FAB18740033A5B7 /* UserCell.swift */; };
		521B004C5282501B5509063B /* Pods_BreakPoint.framework in Frameworks */ = {isa = PBXBuildFile; fileRef = 1ECF01F638B620742EB48990 /* Pods_BreakPoint.framework */; };
/* End PBXBuildFile section */

/* Begin PBXFileReference section */
		1ECF01F638B620742EB48990 /* Pods_BreakPoint.framework */ = {isa = PBXFileReference; explicitFileType = wrapper.framework; includeInIndex = 0; path = Pods_BreakPoint.framework; sourceTree = BUILT_PRODUCTS_DIR; };
		2311AC9DBFA487E5B6004539 /* Pods-BreakPoint.debug.xcconfig */ = {isa = PBXFileReference; includeInIndex = 1; lastKnownFileType = text.xcconfig; name = "Pods-BreakPoint.debug.xcconfig"; path = "Pods/Target Support Files/Pods-BreakPoint/Pods-BreakPoint.debug.xcconfig"; sourceTree = "<group>"; };
		45526BE91FAEFA880001407D /* GroupCell.swift */ = {isa = PBXFileReference; lastKnownFileType = sourcecode.swift; path = GroupCell.swift; sourceTree = "<group>"; };
		45526BEB1FAEFD890001407D /* Group.swift */ = {isa = PBXFileReference; lastKnownFileType = sourcecode.swift; path = Group.swift; sourceTree = "<group>"; };
		45526BED1FAF487E0001407D /* GroupFeedCell.swift */ = {isa = PBXFileReference; lastKnownFileType = sourcecode.swift; path = GroupFeedCell.swift; sourceTree = "<group>"; };
		45526BEF1FAF48CD0001407D /* GroupFeedVC.swift */ = {isa = PBXFileReference; lastKnownFileType = sourcecode.swift; path = GroupFeedVC.swift; sourceTree = "<group>"; };
		4556AA561FA7709F000A7D20 /* BreakPoint.app */ = {isa = PBXFileReference; explicitFileType = wrapper.application; includeInIndex = 0; path = BreakPoint.app; sourceTree = BUILT_PRODUCTS_DIR; };
		4556AA591FA7709F000A7D20 /* AppDelegate.swift */ = {isa = PBXFileReference; lastKnownFileType = sourcecode.swift; path = AppDelegate.swift; sourceTree = "<group>"; };
		4556AA5B1FA7709F000A7D20 /* GroupsVC.swift */ = {isa = PBXFileReference; lastKnownFileType = sourcecode.swift; path = GroupsVC.swift; sourceTree = "<group>"; };
		4556AA5D1FA7709F000A7D20 /* FeedVC.swift */ = {isa = PBXFileReference; lastKnownFileType = sourcecode.swift; path = FeedVC.swift; sourceTree = "<group>"; };
		4556AA601FA7709F000A7D20 /* Base */ = {isa = PBXFileReference; lastKnownFileType = file.storyboard; name = Base; path = Base.lproj/Main.storyboard; sourceTree = "<group>"; };
		4556AA621FA7709F000A7D20 /* Assets.xcassets */ = {isa = PBXFileReference; lastKnownFileType = folder.assetcatalog; path = Assets.xcassets; sourceTree = "<group>"; };
		4556AA651FA7709F000A7D20 /* Base */ = {isa = PBXFileReference; lastKnownFileType = file.storyboard; name = Base; path = Base.lproj/LaunchScreen.storyboard; sourceTree = "<group>"; };
		4556AA671FA7709F000A7D20 /* Info.plist */ = {isa = PBXFileReference; lastKnownFileType = text.plist.xml; path = Info.plist; sourceTree = "<group>"; };
		4556AA731FA8500F000A7D20 /* GoogleService-Info.plist */ = {isa = PBXFileReference; fileEncoding = 4; lastKnownFileType = text.plist.xml; path = "GoogleService-Info.plist"; sourceTree = "<group>"; };
		4556AA751FA851E4000A7D20 /* DataService.swift */ = {isa = PBXFileReference; lastKnownFileType = sourcecode.swift; path = DataService.swift; sourceTree = "<group>"; };
		4556AA781FA85F03000A7D20 /* AuthVC.swift */ = {isa = PBXFileReference; lastKnownFileType = sourcecode.swift; path = AuthVC.swift; sourceTree = "<group>"; };
		4556AA7A1FA85F14000A7D20 /* LoginVC.swift */ = {isa = PBXFileReference; lastKnownFileType = sourcecode.swift; path = LoginVC.swift; sourceTree = "<group>"; };
		4556AA7C1FA85F5A000A7D20 /* InsetTextField.swift */ = {isa = PBXFileReference; lastKnownFileType = sourcecode.swift; path = InsetTextField.swift; sourceTree = "<group>"; };
		4556AA7E1FA86293000A7D20 /* ShadowView.swift */ = {isa = PBXFileReference; lastKnownFileType = sourcecode.swift; path = ShadowView.swift; sourceTree = "<group>"; };
		4556AA801FA8651A000A7D20 /* AuthService.swift */ = {isa = PBXFileReference; lastKnownFileType = sourcecode.swift; path = AuthService.swift; sourceTree = "<group>"; };
		4556AA821FA87927000A7D20 /* MeVC.swift */ = {isa = PBXFileReference; lastKnownFileType = sourcecode.swift; path = MeVC.swift; sourceTree = "<group>"; };
		4556AA841FA87FEF000A7D20 /* CreatePostVC.swift */ = {isa = PBXFileReference; lastKnownFileType = sourcecode.swift; path = CreatePostVC.swift; sourceTree = "<group>"; };
		4556AA861FA968C8000A7D20 /* UIView+Ext.swift */ = {isa = PBXFileReference; lastKnownFileType = sourcecode.swift; path = "UIView+Ext.swift"; sourceTree = "<group>"; };
		4556AA881FA96DD1000A7D20 /* FeedCell.swift */ = {isa = PBXFileReference; lastKnownFileType = sourcecode.swift; path = FeedCell.swift; sourceTree = "<group>"; };
		4556AA8A1FA976B3000A7D20 /* Message.swift */ = {isa = PBXFileReference; lastKnownFileType = sourcecode.swift; path = Message.swift; sourceTree = "<group>"; };
		45E6AE9E1FAB15560033A5B7 /* CreateGroupVC.swift */ = {isa = PBXFileReference; lastKnownFileType = sourcecode.swift; path = CreateGroupVC.swift; sourceTree = "<group>"; };
		45E6AEA01FAB18740033A5B7 /* UserCell.swift */ = {isa = PBXFileReference; lastKnownFileType = sourcecode.swift; path = UserCell.swift; sourceTree = "<group>"; };
		7EBCE6C105140656864D30B6 /* Pods-BreakPoint.release.xcconfig */ = {isa = PBXFileReference; includeInIndex = 1; lastKnownFileType = text.xcconfig; name = "Pods-BreakPoint.release.xcconfig"; path = "Pods/Target Support Files/Pods-BreakPoint/Pods-BreakPoint.release.xcconfig"; sourceTree = "<group>"; };
/* End PBXFileReference section */

/* Begin PBXFrameworksBuildPhase section */
		4556AA531FA7709F000A7D20 /* Frameworks */ = {
			isa = PBXFrameworksBuildPhase;
			buildActionMask = 2147483647;
			files = (
				521B004C5282501B5509063B /* Pods_BreakPoint.framework in Frameworks */,
			);
			runOnlyForDeploymentPostprocessing = 0;
		};
/* End PBXFrameworksBuildPhase section */

/* Begin PBXGroup section */
		0D8CE005BE5BED8C523B2B11 /* Pods */ = {
			isa = PBXGroup;
			children = (
				2311AC9DBFA487E5B6004539 /* Pods-BreakPoint.debug.xcconfig */,
				7EBCE6C105140656864D30B6 /* Pods-BreakPoint.release.xcconfig */,
			);
			name = Pods;
			sourceTree = "<group>";
		};
		4556AA4D1FA7709F000A7D20 = {
			isa = PBXGroup;
			children = (
				4556AA581FA7709F000A7D20 /* BreakPoint */,
				4556AA571FA7709F000A7D20 /* Products */,
				0D8CE005BE5BED8C523B2B11 /* Pods */,
				71CEA268011C398BDEC5D3E3 /* Frameworks */,
			);
			sourceTree = "<group>";
		};
		4556AA571FA7709F000A7D20 /* Products */ = {
			isa = PBXGroup;
			children = (
				4556AA561FA7709F000A7D20 /* BreakPoint.app */,
			);
			name = Products;
			sourceTree = "<group>";
		};
		4556AA581FA7709F000A7D20 /* BreakPoint */ = {
			isa = PBXGroup;
			children = (
				4556AA6D1FA770C5000A7D20 /* Resources */,
				4556AA711FA77163000A7D20 /* Extensions */,
				4556AA701FA77157000A7D20 /* Services */,
				4556AA721FA77172000A7D20 /* Model */,
				4556AA771FA85EE4000A7D20 /* CustomView */,
				4556AA6E1FA770CE000A7D20 /* View */,
				4556AA6F1FA770EA000A7D20 /* Controller */,
			);
			path = BreakPoint;
			sourceTree = "<group>";
		};
		4556AA6D1FA770C5000A7D20 /* Resources */ = {
			isa = PBXGroup;
			children = (
				4556AA621FA7709F000A7D20 /* Assets.xcassets */,
				4556AA671FA7709F000A7D20 /* Info.plist */,
			);
			path = Resources;
			sourceTree = "<group>";
		};
		4556AA6E1FA770CE000A7D20 /* View */ = {
			isa = PBXGroup;
			children = (
				4556AA641FA7709F000A7D20 /* LaunchScreen.storyboard */,
				4556AA5F1FA7709F000A7D20 /* Main.storyboard */,
				4556AA881FA96DD1000A7D20 /* FeedCell.swift */,
				45E6AEA01FAB18740033A5B7 /* UserCell.swift */,
				45526BE91FAEFA880001407D /* GroupCell.swift */,
				45526BED1FAF487E0001407D /* GroupFeedCell.swift */,
			);
			path = View;
			sourceTree = "<group>";
		};
		4556AA6F1FA770EA000A7D20 /* Controller */ = {
			isa = PBXGroup;
			children = (
				4556AA591FA7709F000A7D20 /* AppDelegate.swift */,
				4556AA781FA85F03000A7D20 /* AuthVC.swift */,
				4556AA7A1FA85F14000A7D20 /* LoginVC.swift */,
				4556AA5D1FA7709F000A7D20 /* FeedVC.swift */,
				4556AA5B1FA7709F000A7D20 /* GroupsVC.swift */,
				4556AA821FA87927000A7D20 /* MeVC.swift */,
				4556AA841FA87FEF000A7D20 /* CreatePostVC.swift */,
				45E6AE9E1FAB15560033A5B7 /* CreateGroupVC.swift */,
				45526BEF1FAF48CD0001407D /* GroupFeedVC.swift */,
			);
			path = Controller;
			sourceTree = "<group>";
		};
		4556AA701FA77157000A7D20 /* Services */ = {
			isa = PBXGroup;
			children = (
				4556AA731FA8500F000A7D20 /* GoogleService-Info.plist */,
				4556AA801FA8651A000A7D20 /* AuthService.swift */,
				4556AA751FA851E4000A7D20 /* DataService.swift */,
			);
			path = Services;
			sourceTree = "<group>";
		};
		4556AA711FA77163000A7D20 /* Extensions */ = {
			isa = PBXGroup;
			children = (
				4556AA861FA968C8000A7D20 /* UIView+Ext.swift */,
			);
			path = Extensions;
			sourceTree = "<group>";
		};
		4556AA721FA77172000A7D20 /* Model */ = {
			isa = PBXGroup;
			children = (
				4556AA8A1FA976B3000A7D20 /* Message.swift */,
				45526BEB1FAEFD890001407D /* Group.swift */,
			);
			path = Model;
			sourceTree = "<group>";
		};
		4556AA771FA85EE4000A7D20 /* CustomView */ = {
			isa = PBXGroup;
			children = (
				4556AA7C1FA85F5A000A7D20 /* InsetTextField.swift */,
				4556AA7E1FA86293000A7D20 /* ShadowView.swift */,
			);
			path = CustomView;
			sourceTree = "<group>";
		};
		71CEA268011C398BDEC5D3E3 /* Frameworks */ = {
			isa = PBXGroup;
			children = (
				1ECF01F638B620742EB48990 /* Pods_BreakPoint.framework */,
			);
			name = Frameworks;
			sourceTree = "<group>";
		};
/* End PBXGroup section */

/* Begin PBXNativeTarget section */
		4556AA551FA7709F000A7D20 /* BreakPoint */ = {
			isa = PBXNativeTarget;
			buildConfigurationList = 4556AA6A1FA7709F000A7D20 /* Build configuration list for PBXNativeTarget "BreakPoint" */;
			buildPhases = (
				FC5BB80E33CD206A7C4CB32F /* [CP] Check Pods Manifest.lock */,
				4556AA521FA7709F000A7D20 /* Sources */,
				4556AA531FA7709F000A7D20 /* Frameworks */,
				4556AA541FA7709F000A7D20 /* Resources */,
				189E66ABAF3E98BB38D72DCF /* [CP] Embed Pods Frameworks */,
				03F9F974011C11EE7A47D6B1 /* [CP] Copy Pods Resources */,
			);
			buildRules = (
			);
			dependencies = (
			);
			name = BreakPoint;
			productName = BreakPoint;
			productReference = 4556AA561FA7709F000A7D20 /* BreakPoint.app */;
			productType = "com.apple.product-type.application";
		};
/* End PBXNativeTarget section */

/* Begin PBXProject section */
		4556AA4E1FA7709F000A7D20 /* Project object */ = {
			isa = PBXProject;
			attributes = {
				LastSwiftUpdateCheck = 0900;
				LastUpgradeCheck = 0900;
				ORGANIZATIONNAME = "Chris Huang";
				TargetAttributes = {
					4556AA551FA7709F000A7D20 = {
						CreatedOnToolsVersion = 9.0.1;
						ProvisioningStyle = Automatic;
					};
				};
			};
			buildConfigurationList = 4556AA511FA7709F000A7D20 /* Build configuration list for PBXProject "BreakPoint" */;
			compatibilityVersion = "Xcode 8.0";
			developmentRegion = en;
			hasScannedForEncodings = 0;
			knownRegions = (
				en,
				Base,
			);
			mainGroup = 4556AA4D1FA7709F000A7D20;
			productRefGroup = 4556AA571FA7709F000A7D20 /* Products */;
			projectDirPath = "";
			projectRoot = "";
			targets = (
				4556AA551FA7709F000A7D20 /* BreakPoint */,
			);
		};
/* End PBXProject section */

/* Begin PBXResourcesBuildPhase section */
		4556AA541FA7709F000A7D20 /* Resources */ = {
			isa = PBXResourcesBuildPhase;
			buildActionMask = 2147483647;
			files = (
				4556AA661FA7709F000A7D20 /* LaunchScreen.storyboard in Resources */,
				4556AA741FA85010000A7D20 /* GoogleService-Info.plist in Resources */,
				4556AA631FA7709F000A7D20 /* Assets.xcassets in Resources */,
				4556AA611FA7709F000A7D20 /* Main.storyboard in Resources */,
			);
			runOnlyForDeploymentPostprocessing = 0;
		};
/* End PBXResourcesBuildPhase section */

/* Begin PBXShellScriptBuildPhase section */
		03F9F974011C11EE7A47D6B1 /* [CP] Copy Pods Resources */ = {
			isa = PBXShellScriptBuildPhase;
			buildActionMask = 2147483647;
			files = (
			);
			inputPaths = (
			);
			name = "[CP] Copy Pods Resources";
			outputPaths = (
			);
			runOnlyForDeploymentPostprocessing = 0;
			shellPath = /bin/sh;
			shellScript = "\"${SRCROOT}/Pods/Target Support Files/Pods-BreakPoint/Pods-BreakPoint-resources.sh\"\n";
			showEnvVarsInLog = 0;
		};
		189E66ABAF3E98BB38D72DCF /* [CP] Embed Pods Frameworks */ = {
			isa = PBXShellScriptBuildPhase;
			buildActionMask = 2147483647;
			files = (
			);
			inputPaths = (
			);
			name = "[CP] Embed Pods Frameworks";
			outputPaths = (
			);
			runOnlyForDeploymentPostprocessing = 0;
			shellPath = /bin/sh;
			shellScript = "\"${SRCROOT}/Pods/Target Support Files/Pods-BreakPoint/Pods-BreakPoint-frameworks.sh\"\n";
			showEnvVarsInLog = 0;
		};
		FC5BB80E33CD206A7C4CB32F /* [CP] Check Pods Manifest.lock */ = {
			isa = PBXShellScriptBuildPhase;
			buildActionMask = 2147483647;
			files = (
			);
			inputPaths = (
			);
			name = "[CP] Check Pods Manifest.lock";
			outputPaths = (
			);
			runOnlyForDeploymentPostprocessing = 0;
			shellPath = /bin/sh;
			shellScript = "diff \"${PODS_ROOT}/../Podfile.lock\" \"${PODS_ROOT}/Manifest.lock\" > /dev/null\nif [ $? != 0 ] ; then\n    # print error to STDERR\n    echo \"error: The sandbox is not in sync with the Podfile.lock. Run 'pod install' or update your CocoaPods installation.\" >&2\n    exit 1\nfi\n";
			showEnvVarsInLog = 0;
		};
/* End PBXShellScriptBuildPhase section */

/* Begin PBXSourcesBuildPhase section */
		4556AA521FA7709F000A7D20 /* Sources */ = {
			isa = PBXSourcesBuildPhase;
			buildActionMask = 2147483647;
			files = (
				4556AA831FA87927000A7D20 /* MeVC.swift in Sources */,
				4556AA891FA96DD1000A7D20 /* FeedCell.swift in Sources */,
				4556AA791FA85F03000A7D20 /* AuthVC.swift in Sources */,
				45526BEA1FAEFA880001407D /* GroupCell.swift in Sources */,
				4556AA5E1FA7709F000A7D20 /* FeedVC.swift in Sources */,
				4556AA7B1FA85F14000A7D20 /* LoginVC.swift in Sources */,
				45526BF01FAF48CD0001407D /* GroupFeedVC.swift in Sources */,
				45526BEE1FAF487E0001407D /* GroupFeedCell.swift in Sources */,
				4556AA811FA8651A000A7D20 /* AuthService.swift in Sources */,
				4556AA5A1FA7709F000A7D20 /* AppDelegate.swift in Sources */,
				4556AA7F1FA86293000A7D20 /* ShadowView.swift in Sources */,
				45526BEC1FAEFD890001407D /* Group.swift in Sources */,
				45E6AEA11FAB18740033A5B7 /* UserCell.swift in Sources */,
				45E6AE9F1FAB15560033A5B7 /* CreateGroupVC.swift in Sources */,
				4556AA851FA87FEF000A7D20 /* CreatePostVC.swift in Sources */,
				4556AA871FA968C8000A7D20 /* UIView+Ext.swift in Sources */,
				4556AA5C1FA7709F000A7D20 /* GroupsVC.swift in Sources */,
				4556AA7D1FA85F5A000A7D20 /* InsetTextField.swift in Sources */,
				4556AA761FA851E4000A7D20 /* DataService.swift in Sources */,
				4556AA8B1FA976B3000A7D20 /* Message.swift in Sources */,
			);
			runOnlyForDeploymentPostprocessing = 0;
		};
/* End PBXSourcesBuildPhase section */

/* Begin PBXVariantGroup section */
		4556AA5F1FA7709F000A7D20 /* Main.storyboard */ = {
			isa = PBXVariantGroup;
			children = (
				4556AA601FA7709F000A7D20 /* Base */,
			);
			name = Main.storyboard;
			sourceTree = "<group>";
		};
		4556AA641FA7709F000A7D20 /* LaunchScreen.storyboard */ = {
			isa = PBXVariantGroup;
			children = (
				4556AA651FA7709F000A7D20 /* Base */,
			);
			name = LaunchScreen.storyboard;
			sourceTree = "<group>";
		};
/* End PBXVariantGroup section */

/* Begin XCBuildConfiguration section */
		4556AA681FA7709F000A7D20 /* Debug */ = {
			isa = XCBuildConfiguration;
			buildSettings = {
				ALWAYS_SEARCH_USER_PATHS = NO;
				CLANG_ANALYZER_NONNULL = YES;
				CLANG_ANALYZER_NUMBER_OBJECT_CONVERSION = YES_AGGRESSIVE;
				CLANG_CXX_LANGUAGE_STANDARD = "gnu++14";
				CLANG_CXX_LIBRARY = "libc++";
				CLANG_ENABLE_MODULES = YES;
				CLANG_ENABLE_OBJC_ARC = YES;
				CLANG_WARN_BLOCK_CAPTURE_AUTORELEASING = YES;
				CLANG_WARN_BOOL_CONVERSION = YES;
				CLANG_WARN_COMMA = YES;
				CLANG_WARN_CONSTANT_CONVERSION = YES;
				CLANG_WARN_DIRECT_OBJC_ISA_USAGE = YES_ERROR;
				CLANG_WARN_DOCUMENTATION_COMMENTS = YES;
				CLANG_WARN_EMPTY_BODY = YES;
				CLANG_WARN_ENUM_CONVERSION = YES;
				CLANG_WARN_INFINITE_RECURSION = YES;
				CLANG_WARN_INT_CONVERSION = YES;
				CLANG_WARN_NON_LITERAL_NULL_CONVERSION = YES;
				CLANG_WARN_OBJC_LITERAL_CONVERSION = YES;
				CLANG_WARN_OBJC_ROOT_CLASS = YES_ERROR;
				CLANG_WARN_RANGE_LOOP_ANALYSIS = YES;
				CLANG_WARN_STRICT_PROTOTYPES = YES;
				CLANG_WARN_SUSPICIOUS_MOVE = YES;
				CLANG_WARN_UNGUARDED_AVAILABILITY = YES_AGGRESSIVE;
				CLANG_WARN_UNREACHABLE_CODE = YES;
				CLANG_WARN__DUPLICATE_METHOD_MATCH = YES;
				CODE_SIGN_IDENTITY = "iPhone Developer";
				COPY_PHASE_STRIP = NO;
				DEBUG_INFORMATION_FORMAT = dwarf;
				ENABLE_STRICT_OBJC_MSGSEND = YES;
				ENABLE_TESTABILITY = YES;
				GCC_C_LANGUAGE_STANDARD = gnu11;
				GCC_DYNAMIC_NO_PIC = NO;
				GCC_NO_COMMON_BLOCKS = YES;
				GCC_OPTIMIZATION_LEVEL = 0;
				GCC_PREPROCESSOR_DEFINITIONS = (
					"DEBUG=1",
					"$(inherited)",
				);
				GCC_WARN_64_TO_32_BIT_CONVERSION = YES;
				GCC_WARN_ABOUT_RETURN_TYPE = YES_ERROR;
				GCC_WARN_UNDECLARED_SELECTOR = YES;
				GCC_WARN_UNINITIALIZED_AUTOS = YES_AGGRESSIVE;
				GCC_WARN_UNUSED_FUNCTION = YES;
				GCC_WARN_UNUSED_VARIABLE = YES;
				IPHONEOS_DEPLOYMENT_TARGET = 11.0;
				MTL_ENABLE_DEBUG_INFO = YES;
				ONLY_ACTIVE_ARCH = YES;
				SDKROOT = iphoneos;
				SWIFT_ACTIVE_COMPILATION_CONDITIONS = DEBUG;
				SWIFT_OPTIMIZATION_LEVEL = "-Onone";
			};
			name = Debug;
		};
		4556AA691FA7709F000A7D20 /* Release */ = {
			isa = XCBuildConfiguration;
			buildSettings = {
				ALWAYS_SEARCH_USER_PATHS = NO;
				CLANG_ANALYZER_NONNULL = YES;
				CLANG_ANALYZER_NUMBER_OBJECT_CONVERSION = YES_AGGRESSIVE;
				CLANG_CXX_LANGUAGE_STANDARD = "gnu++14";
				CLANG_CXX_LIBRARY = "libc++";
				CLANG_ENABLE_MODULES = YES;
				CLANG_ENABLE_OBJC_ARC = YES;
				CLANG_WARN_BLOCK_CAPTURE_AUTORELEASING = YES;
				CLANG_WARN_BOOL_CONVERSION = YES;
				CLANG_WARN_COMMA = YES;
				CLANG_WARN_CONSTANT_CONVERSION = YES;
				CLANG_WARN_DIRECT_OBJC_ISA_USAGE = YES_ERROR;
				CLANG_WARN_DOCUMENTATION_COMMENTS = YES;
				CLANG_WARN_EMPTY_BODY = YES;
				CLANG_WARN_ENUM_CONVERSION = YES;
				CLANG_WARN_INFINITE_RECURSION = YES;
				CLANG_WARN_INT_CONVERSION = YES;
				CLANG_WARN_NON_LITERAL_NULL_CONVERSION = YES;
				CLANG_WARN_OBJC_LITERAL_CONVERSION = YES;
				CLANG_WARN_OBJC_ROOT_CLASS = YES_ERROR;
				CLANG_WARN_RANGE_LOOP_ANALYSIS = YES;
				CLANG_WARN_STRICT_PROTOTYPES = YES;
				CLANG_WARN_SUSPICIOUS_MOVE = YES;
				CLANG_WARN_UNGUARDED_AVAILABILITY = YES_AGGRESSIVE;
				CLANG_WARN_UNREACHABLE_CODE = YES;
				CLANG_WARN__DUPLICATE_METHOD_MATCH = YES;
				CODE_SIGN_IDENTITY = "iPhone Developer";
				COPY_PHASE_STRIP = NO;
				DEBUG_INFORMATION_FORMAT = "dwarf-with-dsym";
				ENABLE_NS_ASSERTIONS = NO;
				ENABLE_STRICT_OBJC_MSGSEND = YES;
				GCC_C_LANGUAGE_STANDARD = gnu11;
				GCC_NO_COMMON_BLOCKS = YES;
				GCC_WARN_64_TO_32_BIT_CONVERSION = YES;
				GCC_WARN_ABOUT_RETURN_TYPE = YES_ERROR;
				GCC_WARN_UNDECLARED_SELECTOR = YES;
				GCC_WARN_UNINITIALIZED_AUTOS = YES_AGGRESSIVE;
				GCC_WARN_UNUSED_FUNCTION = YES;
				GCC_WARN_UNUSED_VARIABLE = YES;
				IPHONEOS_DEPLOYMENT_TARGET = 11.0;
				MTL_ENABLE_DEBUG_INFO = NO;
				SDKROOT = iphoneos;
				SWIFT_OPTIMIZATION_LEVEL = "-Owholemodule";
				VALIDATE_PRODUCT = YES;
			};
			name = Release;
		};
		4556AA6B1FA7709F000A7D20 /* Debug */ = {
			isa = XCBuildConfiguration;
			baseConfigurationReference = 2311AC9DBFA487E5B6004539 /* Pods-BreakPoint.debug.xcconfig */;
			buildSettings = {
				ASSETCATALOG_COMPILER_APPICON_NAME = AppIcon;
				CODE_SIGN_STYLE = Automatic;
				DEVELOPMENT_TEAM = 9H46LQG73T;
				INFOPLIST_FILE = "$(SRCROOT)/BreakPoint/Resources/Info.plist";
				LD_RUNPATH_SEARCH_PATHS = "$(inherited) @executable_path/Frameworks";
				PRODUCT_BUNDLE_IDENTIFIER = com.DevXris.BreakPoint;
				PRODUCT_NAME = "$(TARGET_NAME)";
				SWIFT_VERSION = 4.0;
				TARGETED_DEVICE_FAMILY = "1,2";
			};
			name = Debug;
		};
		4556AA6C1FA7709F000A7D20 /* Release */ = {
			isa = XCBuildConfiguration;
			baseConfigurationReference = 7EBCE6C105140656864D30B6 /* Pods-BreakPoint.release.xcconfig */;
			buildSettings = {
				ASSETCATALOG_COMPILER_APPICON_NAME = AppIcon;
				CODE_SIGN_STYLE = Automatic;
				DEVELOPMENT_TEAM = 9H46LQG73T;
				INFOPLIST_FILE = "$(SRCROOT)/BreakPoint/Resources/Info.plist";
				LD_RUNPATH_SEARCH_PATHS = "$(inherited) @executable_path/Frameworks";
				PRODUCT_BUNDLE_IDENTIFIER = com.DevXris.BreakPoint;
				PRODUCT_NAME = "$(TARGET_NAME)";
				SWIFT_VERSION = 4.0;
				TARGETED_DEVICE_FAMILY = "1,2";
			};
			name = Release;
		};
/* End XCBuildConfiguration section */

/* Begin XCConfigurationList section */
		4556AA511FA7709F000A7D20 /* Build configuration list for PBXProject "BreakPoint" */ = {
			isa = XCConfigurationList;
			buildConfigurations = (
				4556AA681FA7709F000A7D20 /* Debug */,
				4556AA691FA7709F000A7D20 /* Release */,
			);
			defaultConfigurationIsVisible = 0;
			defaultConfigurationName = Release;
		};
		4556AA6A1FA7709F000A7D20 /* Build configuration list for PBXNativeTarget "BreakPoint" */ = {
			isa = XCConfigurationList;
			buildConfigurations = (
				4556AA6B1FA7709F000A7D20 /* Debug */,
				4556AA6C1FA7709F000A7D20 /* Release */,
			);
			defaultConfigurationIsVisible = 0;
			defaultConfigurationName = Release;
		};
/* End XCConfigurationList section */
	};
	rootObject = 4556AA4E1FA7709F000A7D20 /* Project object */;
}
